
Microsoft Visual Studio Solution File, Format Version 12.00
# Visual Studio Version 17
VisualStudioVersion = 17.11.35222.181
MinimumVisualStudioVersion = 10.0.40219.1
Project("{9A19103F-16F7-4668-BE54-9A1E7A4F7556}") = "ConsoleApp1", "ConsoleApp1\ConsoleApp1.csproj", "{F673DFD3-4A68-4261-8551-E0358DC15430}"
EndProject
Global
	GlobalSection(SolutionConfigurationPlatforms) = preSolution
		Debug|Any CPU = Debug|Any CPU
		Release|Any CPU = Release|Any CPU
	EndGlobalSection
	GlobalSection(ProjectConfigurationPlatforms) = postSolution
		{F673DFD3-4A68-4261-8551-E0358DC15430}.Debug|Any CPU.ActiveCfg = Debug|Any CPU
		{F673DFD3-4A68-4261-8551-E0358DC15430}.Debug|Any CPU.Build.0 = Debug|Any CPU
		{F673DFD3-4A68-4261-8551-E0358DC15430}.Release|Any CPU.ActiveCfg = Release|Any CPU
		{F673DFD3-4A68-4261-8551-E0358DC15430}.Release|Any CPU.Build.0 = Release|Any CPU
	EndGlobalSection
	GlobalSection(SolutionProperties) = preSolution
		HideSolutionNode = FALSE
	EndGlobalSection
	GlobalSection(ExtensibilityGlobals) = postSolution
		SolutionGuid = {D316297A-3503-4246-A773-B294C48D551A}
	EndGlobalSection
EndGlobal
